
Microsoft Visual Studio Solution File, Format Version 12.00
# Visual Studio 15
VisualStudioVersion = 15.0.28307.757
MinimumVisualStudioVersion = 10.0.40219.1
Project("{FAE04EC0-301F-11D3-BF4B-00C04F79EFBC}") = "Senai.InLock.WebApi", "Senai.InLock.WebApi\Senai.InLock.WebApi.csproj", "{DD3C3B84-DDDB-4405-A9B9-0FA619A6619D}"
EndProject
Global
	GlobalSection(SolutionConfigurationPlatforms) = preSolution
		Debug|Any CPU = Debug|Any CPU
		Release|Any CPU = Release|Any CPU
	EndGlobalSection
	GlobalSection(ProjectConfigurationPlatforms) = postSolution
		{DD3C3B84-DDDB-4405-A9B9-0FA619A6619D}.Debug|Any CPU.ActiveCfg = Debug|Any CPU
		{DD3C3B84-DDDB-4405-A9B9-0FA619A6619D}.Debug|Any CPU.Build.0 = Debug|Any CPU
		{DD3C3B84-DDDB-4405-A9B9-0FA619A6619D}.Release|Any CPU.ActiveCfg = Release|Any CPU
		{DD3C3B84-DDDB-4405-A9B9-0FA619A6619D}.Release|Any CPU.Build.0 = Release|Any CPU
	EndGlobalSection
	GlobalSection(SolutionProperties) = preSolution
		HideSolutionNode = FALSE
	EndGlobalSection
	GlobalSection(ExtensibilityGlobals) = postSolution
		SolutionGuid = {E0E99BA4-5388-4422-A922-A794181A4161}
	EndGlobalSection
EndGlobal
